{
  "requires": true,
  "lockfileVersion": 1,
  "dependencies": {
    "@material/animation": {
      "version": "0.34.0",
      "resolved": "https://registry.npmjs.org/@material/animation/-/animation-0.34.0.tgz",
      "integrity": "sha512-HKWU+pHda+xSIV0lwrTMOb/N005NIAV7+tvEEjTiLrQx74eO6J9nIjfCpZ0W4D8Kb9K90lgHFo0ZRC6yDTjizQ=="
    },
    "@material/base": {
      "version": "0.35.0",
      "resolved": "https://registry.npmjs.org/@material/base/-/base-0.35.0.tgz",
      "integrity": "sha512-PYuluVzcH8hxtionVvpTSygTENlgyOHvJ5ka7JfbCRQfXlxjV8zKYwhh9u/1HqA6y1OonG1oGFCaBHopbdsNEQ=="
    },
    "@material/elevation": {
      "version": "0.36.1",
      "resolved": "https://registry.npmjs.org/@material/elevation/-/elevation-0.36.1.tgz",
      "integrity": "sha512-kh7paJc3jc+6O6Op93j8S/eFqiA9KhSsT/gtQeVbEt2ebGweh4TTc/Smm0D/RPOzifPL1mRMAQY7SgFchlz1AQ==",
      "requires": {
        "@material/animation": "0.34.0",
        "@material/theme": "0.35.0"
      }
    },
    "@material/ripple": {
      "version": "0.37.1",
      "resolved": "https://registry.npmjs.org/@material/ripple/-/ripple-0.37.1.tgz",
      "integrity": "sha512-FSBZd8Qs7cFcfnVhGLAq4KnMteJQ6HnnEXYmpQxNFHxtkc4FpVh9AwwBsvzCzxbyuMqaKk9YsQubMjyhuuhQ9A==",
      "requires": {
        "@material/animation": "0.34.0",
        "@material/base": "0.35.0",
        "@material/theme": "0.35.0"
      }
    },
    "@material/rtl": {
      "version": "0.36.0",
      "resolved": "https://registry.npmjs.org/@material/rtl/-/rtl-0.36.0.tgz",
      "integrity": "sha512-uCMwWGdKG0ooYh1kVINz7vTgSY++9wnvU3kOqjRdfOY+PZHWSa/X/EqRdE9Q1pUFwYlQeU2PXE/Z2dTK/nlziw=="
    },
    "@material/theme": {
      "version": "0.35.0",
      "resolved": "https://registry.npmjs.org/@material/theme/-/theme-0.35.0.tgz",
      "integrity": "sha512-jTjRDPKlWVCNnSs4RRe/eq9+F5lFBzxfbuI7klgCR6jTXRMB93jKKKO7k6chgo9l0oObhLh81ao6sq/eV0WFIw=="
    },
    "@material/top-app-bar": {
      "version": "0.37.1",
      "resolved": "https://registry.npmjs.org/@material/top-app-bar/-/top-app-bar-0.37.1.tgz",
      "integrity": "sha512-tITFhLRdD6RX0dHF4qa+ptZlmm+JrIej9MlSp1STeSmWERVaPG0JAK4NruAp+dnPKLTET3uG7Dh6UByxHh2X4A==",
      "requires": {
        "@material/animation": "0.34.0",
        "@material/base": "0.35.0",
        "@material/elevation": "0.36.1",
        "@material/ripple": "0.37.1",
        "@material/rtl": "0.36.0",
        "@material/theme": "0.35.0",
        "@material/typography": "0.37.1"
      }
    },
    "@material/typography": {
      "version": "0.37.1",
      "resolved": "https://registry.npmjs.org/@material/typography/-/typography-0.37.1.tgz",
      "integrity": "sha512-njbRrUwSte+Ag2ZsQxYCZVXqYphm7Wbe1iFCzljRAZEcZJUuKkz30rx3IK5CrmwoIpLxcE2Y/2WoAj8a2Ear0A=="
    }
  }
}
